
Microsoft Visual Studio Solution File, Format Version 12.00
# Visual Studio Version 16
VisualStudioVersion = 16.0.30907.101
MinimumVisualStudioVersion = 10.0.40219.1
Project("{FAE04EC0-301F-11D3-BF4B-00C04F79EFBC}") = "Weather App", "Weather App\Weather App.csproj", "{DF741860-39BD-44DE-8EF6-959FA47D5575}"
EndProject
Global
	GlobalSection(SolutionConfigurationPlatforms) = preSolution
		Debug|Any CPU = Debug|Any CPU
		Release|Any CPU = Release|Any CPU
	EndGlobalSection
	GlobalSection(ProjectConfigurationPlatforms) = postSolution
		{DF741860-39BD-44DE-8EF6-959FA47D5575}.Debug|Any CPU.ActiveCfg = Debug|Any CPU
		{DF741860-39BD-44DE-8EF6-959FA47D5575}.Debug|Any CPU.Build.0 = Debug|Any CPU
		{DF741860-39BD-44DE-8EF6-959FA47D5575}.Release|Any CPU.ActiveCfg = Release|Any CPU
		{DF741860-39BD-44DE-8EF6-959FA47D5575}.Release|Any CPU.Build.0 = Release|Any CPU
	EndGlobalSection
	GlobalSection(SolutionProperties) = preSolution
		HideSolutionNode = FALSE
	EndGlobalSection
	GlobalSection(ExtensibilityGlobals) = postSolution
		SolutionGuid = {9D59FEB6-2206-438E-B99E-E03A9E6D70A1}
	EndGlobalSection
EndGlobal
